PODS:
  - GKNavigationBarViewController (2.3.4)
  - JXCategoryView (1.5.1)
  - Masonry (1.1.0)
  - SDAutoLayout (2.2.1)
  - SDWebImage (5.2.0):
    - SDWebImage/Core (= 5.2.0)
  - SDWebImage/Core (5.2.0)

DEPENDENCIES:
  - GKNavigationBarViewController
  - JXCategoryView
  - Masonry
  - SDAutoLayout
  - SDWebImage

SPEC REPOS:
  trunk:
    - GKNavigationBarViewController
    - JXCategoryView
    - Masonry
    - SDAutoLayout
    - SDWebImage

SPEC CHECKSUMS:
  GKNavigationBarViewController: 92f856c67ec7f21a3d9466ddb1521315a0e13856
  JXCategoryView: ebfc9b0b6e43ece9d823510c708a54ab854c6b3a
  Masonry: 678fab65091a9290e40e2832a55e7ab731aad201
  SDAutoLayout: 8bf6b3bbc8b01f775d4defbb4fda2ace805461be
  SDWebImage: 609192dcf3898c910a2848032372ead951e66364

PODFILE CHECKSUM: 71c5f187a60a1fe9f2b323085698c6e580f0fa3b

COCOAPODS: 1.8.1
